
Microsoft Visual Studio Solution File, Format Version 12.00
# Visual Studio Version 17
VisualStudioVersion = 17.11.35327.3
MinimumVisualStudioVersion = 10.0.40219.1
Project("{FAE04EC0-301F-11D3-BF4B-00C04F79EFBC}") = "APICatalogo", "APICatalogo\APICatalogo.csproj", "{1CAA7E5B-58AF-434E-AF44-B874966F3F6E}"
EndProject
Project("{FAE04EC0-301F-11D3-BF4B-00C04F79EFBC}") = "APICatalogoXUnitTests", "APICatalogoXUnitTests\APICatalogoXUnitTests.csproj", "{CE5FF36E-D745-4A7F-AF47-0DD9BB04E8BB}"
EndProject
Global
	GlobalSection(SolutionConfigurationPlatforms) = preSolution
		Debug|Any CPU = Debug|Any CPU
		Release|Any CPU = Release|Any CPU
	EndGlobalSection
	GlobalSection(ProjectConfigurationPlatforms) = postSolution
		{1CAA7E5B-58AF-434E-AF44-B874966F3F6E}.Debug|Any CPU.ActiveCfg = Debug|Any CPU
		{1CAA7E5B-58AF-434E-AF44-B874966F3F6E}.Debug|Any CPU.Build.0 = Debug|Any CPU
		{1CAA7E5B-58AF-434E-AF44-B874966F3F6E}.Release|Any CPU.ActiveCfg = Release|Any CPU
		{1CAA7E5B-58AF-434E-AF44-B874966F3F6E}.Release|Any CPU.Build.0 = Release|Any CPU
		{CE5FF36E-D745-4A7F-AF47-0DD9BB04E8BB}.Debug|Any CPU.ActiveCfg = Debug|Any CPU
		{CE5FF36E-D745-4A7F-AF47-0DD9BB04E8BB}.Debug|Any CPU.Build.0 = Debug|Any CPU
		{CE5FF36E-D745-4A7F-AF47-0DD9BB04E8BB}.Release|Any CPU.ActiveCfg = Release|Any CPU
		{CE5FF36E-D745-4A7F-AF47-0DD9BB04E8BB}.Release|Any CPU.Build.0 = Release|Any CPU
	EndGlobalSection
	GlobalSection(SolutionProperties) = preSolution
		HideSolutionNode = FALSE
	EndGlobalSection
	GlobalSection(ExtensibilityGlobals) = postSolution
		SolutionGuid = {8919DFE7-FF33-4EF3-9859-41B205A596F1}
	EndGlobalSection
EndGlobal
